// !$*UTF8*$!
{
	archiveVersion = 1;
	classes = {
	};
	objectVersion = 46;
	objects = {

/* Begin PBXBuildFile section */
		076E616716A730B8006CE31A /* UIKit.framework in Frameworks */ = {isa = PBXBuildFile; fileRef = 076E616616A730B8006CE31A /* UIKit.framework */; };
		076E616916A730B8006CE31A /* Foundation.framework in Frameworks */ = {isa = PBXBuildFile; fileRef = 076E616816A730B8006CE31A /* Foundation.framework */; };
		076E616B16A730B8006CE31A /* CoreGraphics.framework in Frameworks */ = {isa = PBXBuildFile; fileRef = 076E616A16A730B8006CE31A /* CoreGraphics.framework */; };
		076E617116A730B8006CE31A /* InfoPlist.strings in Resources */ = {isa = PBXBuildFile; fileRef = 076E616F16A730B8006CE31A /* InfoPlist.strings */; };
		076E617316A730B8006CE31A /* main.m in Sources */ = {isa = PBXBuildFile; fileRef = 076E617216A730B8006CE31A /* main.m */; };
		076E617716A730B8006CE31A /* AppDelegate.m in Sources */ = {isa = PBXBuildFile; fileRef = 076E617616A730B8006CE31A /* AppDelegate.m */; };
		076E617916A730B9006CE31A /* Default.png in Resources */ = {isa = PBXBuildFile; fileRef = 076E617816A730B9006CE31A /* Default.png */; };
		076E617B16A730B9006CE31A /* Default@2x.png in Resources */ = {isa = PBXBuildFile; fileRef = 076E617A16A730B9006CE31A /* Default@2x.png */; };
		076E617D16A730B9006CE31A /* Default-568h@2x.png in Resources */ = {isa = PBXBuildFile; fileRef = 076E617C16A730B9006CE31A /* Default-568h@2x.png */; };
		076E618016A730B9006CE31A /* ViewController.m in Sources */ = {isa = PBXBuildFile; fileRef = 076E617F16A730B9006CE31A /* ViewController.m */; };
		076E618316A730B9006CE31A /* ViewController.xib in Resources */ = {isa = PBXBuildFile; fileRef = 076E618116A730B9006CE31A /* ViewController.xib */; };
		076E618A16A730DE006CE31A /* Sincerely.framework in Frameworks */ = {isa = PBXBuildFile; fileRef = 076E618916A730DE006CE31A /* Sincerely.framework */; };
		076E618D16A730FA006CE31A /* AddressBook.framework in Frameworks */ = {isa = PBXBuildFile; fileRef = 076E618B16A730FA006CE31A /* AddressBook.framework */; };
		076E618E16A730FA006CE31A /* AddressBookUI.framework in Frameworks */ = {isa = PBXBuildFile; fileRef = 076E618C16A730FA006CE31A /* AddressBookUI.framework */; };
		076E618F16A73112006CE31A /* Sincerely.framework in Resources */ = {isa = PBXBuildFile; fileRef = 076E618916A730DE006CE31A /* Sincerely.framework */; };
		076E619116A733CB006CE31A /* demo_image.png in Resources */ = {isa = PBXBuildFile; fileRef = 076E619016A733CB006CE31A /* demo_image.png */; };
		076E619516A73423006CE31A /* SecondViewController.m in Sources */ = {isa = PBXBuildFile; fileRef = 076E619316A73423006CE31A /* SecondViewController.m */; };
		076E619616A73423006CE31A /* SecondViewController.xib in Resources */ = {isa = PBXBuildFile; fileRef = 076E619416A73423006CE31A /* SecondViewController.xib */; };
/* End PBXBuildFile section */

/* Begin PBXFileReference section */
		076E616216A730B8006CE31A /* test-modal-bug.app */ = {isa = PBXFileReference; explicitFileType = wrapper.application; includeInIndex = 0; path = "test-modal-bug.app"; sourceTree = BUILT_PRODUCTS_DIR; };
		076E616616A730B8006CE31A /* UIKit.framework */ = {isa = PBXFileReference; lastKnownFileType = wrapper.framework; name = UIKit.framework; path = System/Library/Frameworks/UIKit.framework; sourceTree = SDKROOT; };
		076E616816A730B8006CE31A /* Foundation.framework */ = {isa = PBXFileReference; lastKnownFileType = wrapper.framework; name = Foundation.framework; path = System/Library/Frameworks/Foundation.framework; sourceTree = SDKROOT; };
		076E616A16A730B8006CE31A /* CoreGraphics.framework */ = {isa = PBXFileReference; lastKnownFileType = wrapper.framework; name = CoreGraphics.framework; path = System/Library/Frameworks/CoreGraphics.framework; sourceTree = SDKROOT; };
		076E616E16A730B8006CE31A /* test-modal-bug-Info.plist */ = {isa = PBXFileReference; lastKnownFileType = text.plist.xml; path = "test-modal-bug-Info.plist"; sourceTree = "<group>"; };
		076E617016A730B8006CE31A /* en */ = {isa = PBXFileReference; lastKnownFileType = text.plist.strings; name = en; path = en.lproj/InfoPlist.strings; sourceTree = "<group>"; };
		076E617216A730B8006CE31A /* main.m */ = {isa = PBXFileReference; lastKnownFileType = sourcecode.c.objc; path = main.m; sourceTree = "<group>"; };
		076E617416A730B8006CE31A /* test-modal-bug-Prefix.pch */ = {isa = PBXFileReference; lastKnownFileType = sourcecode.c.h; path = "test-modal-bug-Prefix.pch"; sourceTree = "<group>"; };
		076E617516A730B8006CE31A /* AppDelegate.h */ = {isa = PBXFileReference; lastKnownFileType = sourcecode.c.h; path = AppDelegate.h; sourceTree = "<group>"; };
		076E617616A730B8006CE31A /* AppDelegate.m */ = {isa = PBXFileReference; lastKnownFileType = sourcecode.c.objc; path = AppDelegate.m; sourceTree = "<group>"; };
		076E617816A730B9006CE31A /* Default.png */ = {isa = PBXFileReference; lastKnownFileType = image.png; path = Default.png; sourceTree = "<group>"; };
		076E617A16A730B9006CE31A /* Default@2x.png */ = {isa = PBXFileReference; lastKnownFileType = image.png; path = "Default@2x.png"; sourceTree = "<group>"; };
		076E617C16A730B9006CE31A /* Default-568h@2x.png */ = {isa = PBXFileReference; lastKnownFileType = image.png; path = "Default-568h@2x.png"; sourceTree = "<group>"; };
		076E617E16A730B9006CE31A /* ViewController.h */ = {isa = PBXFileReference; lastKnownFileType = sourcecode.c.h; path = ViewController.h; sourceTree = "<group>"; };
		076E617F16A730B9006CE31A /* ViewController.m */ = {isa = PBXFileReference; lastKnownFileType = sourcecode.c.objc; path = ViewController.m; sourceTree = "<group>"; };
		076E618216A730B9006CE31A /* en */ = {isa = PBXFileReference; lastKnownFileType = file.xib; name = en; path = en.lproj/ViewController.xib; sourceTree = "<group>"; };
		076E618916A730DE006CE31A /* Sincerely.framework */ = {isa = PBXFileReference; lastKnownFileType = wrapper.framework; path = Sincerely.framework; sourceTree = "<group>"; };
		076E618B16A730FA006CE31A /* AddressBook.framework */ = {isa = PBXFileReference; lastKnownFileType = wrapper.framework; name = AddressBook.framework; path = System/Library/Frameworks/AddressBook.framework; sourceTree = SDKROOT; };
		076E618C16A730FA006CE31A /* AddressBookUI.framework */ = {isa = PBXFileReference; lastKnownFileType = wrapper.framework; name = AddressBookUI.framework; path = System/Library/Frameworks/AddressBookUI.framework; sourceTree = SDKROOT; };
		076E619016A733CB006CE31A /* demo_image.png */ = {isa = PBXFileReference; lastKnownFileType = image.png; path = demo_image.png; sourceTree = "<group>"; };
		076E619216A73423006CE31A /* SecondViewController.h */ = {isa = PBXFileReference; fileEncoding = 4; lastKnownFileType = sourcecode.c.h; path = SecondViewController.h; sourceTree = "<group>"; };
		076E619316A73423006CE31A /* SecondViewController.m */ = {isa = PBXFileReference; fileEncoding = 4; lastKnownFileType = sourcecode.c.objc; path = SecondViewController.m; sourceTree = "<group>"; };
		076E619416A73423006CE31A /* SecondViewController.xib */ = {isa = PBXFileReference; fileEncoding = 4; lastKnownFileType = file.xib; path = SecondViewController.xib; sourceTree = "<group>"; };
/* End PBXFileReference section */

/* Begin PBXFrameworksBuildPhase section */
		076E615F16A730B8006CE31A /* Frameworks */ = {
			isa = PBXFrameworksBuildPhase;
			buildActionMask = 2147483647;
			files = (
				076E618A16A730DE006CE31A /* Sincerely.framework in Frameworks */,
				076E618D16A730FA006CE31A /* AddressBook.framework in Frameworks */,
				076E618E16A730FA006CE31A /* AddressBookUI.framework in Frameworks */,
				076E616716A730B8006CE31A /* UIKit.framework in Frameworks */,
				076E616916A730B8006CE31A /* Foundation.framework in Frameworks */,
				076E616B16A730B8006CE31A /* CoreGraphics.framework in Frameworks */,
			);
			runOnlyForDeploymentPostprocessing = 0;
		};
/* End PBXFrameworksBuildPhase section */

/* Begin PBXGroup section */
		076E615716A730B8006CE31A = {
			isa = PBXGroup;
			children = (
				076E618B16A730FA006CE31A /* AddressBook.framework */,
				076E618C16A730FA006CE31A /* AddressBookUI.framework */,
				076E618916A730DE006CE31A /* Sincerely.framework */,
				076E616C16A730B8006CE31A /* test-modal-bug */,
				076E616516A730B8006CE31A /* Frameworks */,
				076E616316A730B8006CE31A /* Products */,
			);
			sourceTree = "<group>";
		};
		076E616316A730B8006CE31A /* Products */ = {
			isa = PBXGroup;
			children = (
				076E616216A730B8006CE31A /* test-modal-bug.app */,
			);
			name = Products;
			sourceTree = "<group>";
		};
		076E616516A730B8006CE31A /* Frameworks */ = {
			isa = PBXGroup;
			children = (
				076E616616A730B8006CE31A /* UIKit.framework */,
				076E616816A730B8006CE31A /* Foundation.framework */,
				076E616A16A730B8006CE31A /* CoreGraphics.framework */,
			);
			name = Frameworks;
			sourceTree = "<group>";
		};
		076E616C16A730B8006CE31A /* test-modal-bug */ = {
			isa = PBXGroup;
			children = (
				076E617516A730B8006CE31A /* AppDelegate.h */,
				076E617616A730B8006CE31A /* AppDelegate.m */,
				076E617E16A730B9006CE31A /* ViewController.h */,
				076E617F16A730B9006CE31A /* ViewController.m */,
				076E618116A730B9006CE31A /* ViewController.xib */,
				076E619216A73423006CE31A /* SecondViewController.h */,
				076E619316A73423006CE31A /* SecondViewController.m */,
				076E619416A73423006CE31A /* SecondViewController.xib */,
				076E616D16A730B8006CE31A /* Supporting Files */,
			);
			path = "test-modal-bug";
			sourceTree = "<group>";
		};
		076E616D16A730B8006CE31A /* Supporting Files */ = {
			isa = PBXGroup;
			children = (
				076E619016A733CB006CE31A /* demo_image.png */,
				076E616E16A730B8006CE31A /* test-modal-bug-Info.plist */,
				076E616F16A730B8006CE31A /* InfoPlist.strings */,
				076E617216A730B8006CE31A /* main.m */,
				076E617416A730B8006CE31A /* test-modal-bug-Prefix.pch */,
				076E617816A730B9006CE31A /* Default.png */,
				076E617A16A730B9006CE31A /* Default@2x.png */,
				076E617C16A730B9006CE31A /* Default-568h@2x.png */,
			);
			name = "Supporting Files";
			sourceTree = "<group>";
		};
/* End PBXGroup section */

/* Begin PBXNativeTarget section */
		076E616116A730B8006CE31A /* test-modal-bug */ = {
			isa = PBXNativeTarget;
			buildConfigurationList = 076E618616A730B9006CE31A /* Build configuration list for PBXNativeTarget "test-modal-bug" */;
			buildPhases = (
				076E615E16A730B8006CE31A /* Sources */,
				076E615F16A730B8006CE31A /* Frameworks */,
				076E616016A730B8006CE31A /* Resources */,
			);
			buildRules = (
			);
			dependencies = (
			);
			name = "test-modal-bug";
			productName = "test-modal-bug";
			productReference = 076E616216A730B8006CE31A /* test-modal-bug.app */;
			productType = "com.apple.product-type.application";
		};
/* End PBXNativeTarget section */

/* Begin PBXProject section */
		076E615916A730B8006CE31A /* Project object */ = {
			isa = PBXProject;
			attributes = {
				LastUpgradeCheck = 0450;
				ORGANIZATIONNAME = "Eric Goldberg";
			};
			buildConfigurationList = 076E615C16A730B8006CE31A /* Build configuration list for PBXProject "test-modal-bug" */;
			compatibilityVersion = "Xcode 3.2";
			developmentRegion = English;
			hasScannedForEncodings = 0;
			knownRegions = (
				en,
			);
			mainGroup = 076E615716A730B8006CE31A;
			productRefGroup = 076E616316A730B8006CE31A /* Products */;
			projectDirPath = "";
			projectRoot = "";
			targets = (
				076E616116A730B8006CE31A /* test-modal-bug */,
			);
		};
/* End PBXProject section */

/* Begin PBXResourcesBuildPhase section */
		076E616016A730B8006CE31A /* Resources */ = {
			isa = PBXResourcesBuildPhase;
			buildActionMask = 2147483647;
			files = (
				076E617116A730B8006CE31A /* InfoPlist.strings in Resources */,
				076E617916A730B9006CE31A /* Default.png in Resources */,
				076E617B16A730B9006CE31A /* Default@2x.png in Resources */,
				076E617D16A730B9006CE31A /* Default-568h@2x.png in Resources */,
				076E618316A730B9006CE31A /* ViewController.xib in Resources */,
				076E618F16A73112006CE31A /* Sincerely.framework in Resources */,
				076E619116A733CB006CE31A /* demo_image.png in Resources */,
				076E619616A73423006CE31A /* SecondViewController.xib in Resources */,
			);
			runOnlyForDeploymentPostprocessing = 0;
		};
/* End PBXResourcesBuildPhase section */

/* Begin PBXSourcesBuildPhase section */
		076E615E16A730B8006CE31A /* Sources */ = {
			isa = PBXSourcesBuildPhase;
			buildActionMask = 2147483647;
			files = (
				076E617316A730B8006CE31A /* main.m in Sources */,
				076E617716A730B8006CE31A /* AppDelegate.m in Sources */,
				076E618016A730B9006CE31A /* ViewController.m in Sources */,
				076E619516A73423006CE31A /* SecondViewController.m in Sources */,
			);
			runOnlyForDeploymentPostprocessing = 0;
		};
/* End PBXSourcesBuildPhase section */

/* Begin PBXVariantGroup section */
		076E616F16A730B8006CE31A /* InfoPlist.strings */ = {
			isa = PBXVariantGroup;
			children = (
				076E617016A730B8006CE31A /* en */,
			);
			name = InfoPlist.strings;
			sourceTree = "<group>";
		};
		076E618116A730B9006CE31A /* ViewController.xib */ = {
			isa = PBXVariantGroup;
			children = (
				076E618216A730B9006CE31A /* en */,
			);
			name = ViewController.xib;
			sourceTree = "<group>";
		};
/* End PBXVariantGroup section */

/* Begin XCBuildConfiguration section */
		076E618416A730B9006CE31A /* Debug */ = {
			isa = XCBuildConfiguration;
			buildSettings = {
				ALWAYS_SEARCH_USER_PATHS = NO;
				CLANG_CXX_LANGUAGE_STANDARD = "gnu++0x";
				CLANG_CXX_LIBRARY = "libc++";
				CLANG_WARN_EMPTY_BODY = YES;
				CLANG_WARN__DUPLICATE_METHOD_MATCH = YES;
				"CODE_SIGN_IDENTITY[sdk=iphoneos*]" = "iPhone Developer";
				COPY_PHASE_STRIP = NO;
				GCC_C_LANGUAGE_STANDARD = gnu99;
				GCC_DYNAMIC_NO_PIC = NO;
				GCC_OPTIMIZATION_LEVEL = 0;
				GCC_PREPROCESSOR_DEFINITIONS = (
					"DEBUG=1",
					"$(inherited)",
				);
				GCC_SYMBOLS_PRIVATE_EXTERN = NO;
				GCC_WARN_ABOUT_RETURN_TYPE = YES;
				GCC_WARN_UNINITIALIZED_AUTOS = YES;
				GCC_WARN_UNUSED_VARIABLE = YES;
				IPHONEOS_DEPLOYMENT_TARGET = 6.0;
				ONLY_ACTIVE_ARCH = YES;
				SDKROOT = iphoneos;
				TARGETED_DEVICE_FAMILY = 2;
			};
			name = Debug;
		};
		076E618516A730B9006CE31A /* Release */ = {
			isa = XCBuildConfiguration;
			buildSettings = {
				ALWAYS_SEARCH_USER_PATHS = NO;
				CLANG_CXX_LANGUAGE_STANDARD = "gnu++0x";
				CLANG_CXX_LIBRARY = "libc++";
				CLANG_WARN_EMPTY_BODY = YES;
				CLANG_WARN__DUPLICATE_METHOD_MATCH = YES;
				"CODE_SIGN_IDENTITY[sdk=iphoneos*]" = "iPhone Developer";
				COPY_PHASE_STRIP = YES;
				GCC_C_LANGUAGE_STANDARD = gnu99;
				GCC_WARN_ABOUT_RETURN_TYPE = YES;
				GCC_WARN_UNINITIALIZED_AUTOS = YES;
				GCC_WARN_UNUSED_VARIABLE = YES;
				IPHONEOS_DEPLOYMENT_TARGET = 6.0;
				OTHER_CFLAGS = "-DNS_BLOCK_ASSERTIONS=1";
				SDKROOT = iphoneos;
				TARGETED_DEVICE_FAMILY = 2;
				VALIDATE_PRODUCT = YES;
			};
			name = Release;
		};
		076E618716A730B9006CE31A /* Debug */ = {
			isa = XCBuildConfiguration;
			buildSettings = {
				FRAMEWORK_SEARCH_PATHS = (
					"$(inherited)",
					"\"$(SRCROOT)\"",
				);
				GCC_PRECOMPILE_PREFIX_HEADER = YES;
				GCC_PREFIX_HEADER = "test-modal-bug/test-modal-bug-Prefix.pch";
				INFOPLIST_FILE = "test-modal-bug/test-modal-bug-Info.plist";
				PRODUCT_NAME = "$(TARGET_NAME)";
				WRAPPER_EXTENSION = app;
			};
			name = Debug;
		};
		076E618816A730B9006CE31A /* Release */ = {
			isa = XCBuildConfiguration;
			buildSettings = {
				FRAMEWORK_SEARCH_PATHS = (
					"$(inherited)",
					"\"$(SRCROOT)\"",
				);
				GCC_PRECOMPILE_PREFIX_HEADER = YES;
				GCC_PREFIX_HEADER = "test-modal-bug/test-modal-bug-Prefix.pch";
				INFOPLIST_FILE = "test-modal-bug/test-modal-bug-Info.plist";
				PRODUCT_NAME = "$(TARGET_NAME)";
				WRAPPER_EXTENSION = app;
			};
			name = Release;
		};
/* End XCBuildConfiguration section */

/* Begin XCConfigurationList section */
		076E615C16A730B8006CE31A /* Build configuration list for PBXProject "test-modal-bug" */ = {
			isa = XCConfigurationList;
			buildConfigurations = (
				076E618416A730B9006CE31A /* Debug */,
				076E618516A730B9006CE31A /* Release */,
			);
			defaultConfigurationIsVisible = 0;
			defaultConfigurationName = Release;
		};
		076E618616A730B9006CE31A /* Build configuration list for PBXNativeTarget "test-modal-bug" */ = {
			isa = XCConfigurationList;
			buildConfigurations = (
				076E618716A730B9006CE31A /* Debug */,
				076E618816A730B9006CE31A /* Release */,
			);
			defaultConfigurationIsVisible = 0;
		};
/* End XCConfigurationList section */
	};
	rootObject = 076E615916A730B8006CE31A /* Project object */;
}
